
Microsoft Visual Studio Solution File, Format Version 12.00
# Visual Studio Version 16
VisualStudioVersion = 16.0.32802.440
MinimumVisualStudioVersion = 10.0.40219.1
Project("{2150E333-8FDC-42A3-9474-1A3956D46DE8}") = "BusnessLogicLayer", "BusnessLogicLayer", "{1C8D3F27-9C85-4D35-BC25-AA8C2AE0FF05}"
EndProject
Project("{2150E333-8FDC-42A3-9474-1A3956D46DE8}") = "DataAccessLayer", "DataAccessLayer", "{A0117887-A6F8-4013-86FE-83DD6F6611E5}"
EndProject
Project("{2150E333-8FDC-42A3-9474-1A3956D46DE8}") = "Common", "Common", "{5ECE8E71-FB77-4431-8823-147BAEA76008}"
EndProject
Project("{2150E333-8FDC-42A3-9474-1A3956D46DE8}") = "PresentationLayer", "PresentationLayer", "{CAC00684-EDD7-48AB-B27C-FE9EBFEAACC3}"
EndProject
Project("{FAE04EC0-301F-11D3-BF4B-00C04F79EFBC}") = "Hello.Model", "Hello.Model\Hello.Model.csproj", "{FEE32482-CE56-4A71-90FD-DA21161B423A}"
EndProject
Project("{FAE04EC0-301F-11D3-BF4B-00C04F79EFBC}") = "Hello.IDAL", "Hello.IDAL\Hello.IDAL.csproj", "{A83C9687-C7A5-42B9-8177-04116F4A61C0}"
EndProject
Project("{FAE04EC0-301F-11D3-BF4B-00C04F79EFBC}") = "Hello.MSSQL.DAL", "Hello.MSSQL.DAL\Hello.MSSQL.DAL.csproj", "{B1DCE5F1-78F6-4D2E-91B1-3302AEA898AF}"
EndProject
Project("{FAE04EC0-301F-11D3-BF4B-00C04F79EFBC}") = "Hello.Oracle.DAL", "Hello.Oracle.DAL\Hello.Oracle.DAL.csproj", "{942C1212-96F6-4D42-9509-2AB6819423EB}"
EndProject
Project("{FAE04EC0-301F-11D3-BF4B-00C04F79EFBC}") = "Hello.BLL", "Hello.BLL\Hello.BLL.csproj", "{2B792588-B07D-4A6F-9828-5EF4D14FDD59}"
EndProject
Project("{FAE04EC0-301F-11D3-BF4B-00C04F79EFBC}") = "Hello.MVC6", "Hello.MVC6\Hello.MVC6.csproj", "{F1483A75-B458-4B70-954D-15E57AAD1C12}"
EndProject
Global
	GlobalSection(SolutionConfigurationPlatforms) = preSolution
		Debug|Any CPU = Debug|Any CPU
		Release|Any CPU = Release|Any CPU
	EndGlobalSection
	GlobalSection(ProjectConfigurationPlatforms) = postSolution
		{FEE32482-CE56-4A71-90FD-DA21161B423A}.Debug|Any CPU.ActiveCfg = Debug|Any CPU
		{FEE32482-CE56-4A71-90FD-DA21161B423A}.Debug|Any CPU.Build.0 = Debug|Any CPU
		{FEE32482-CE56-4A71-90FD-DA21161B423A}.Release|Any CPU.ActiveCfg = Release|Any CPU
		{FEE32482-CE56-4A71-90FD-DA21161B423A}.Release|Any CPU.Build.0 = Release|Any CPU
		{A83C9687-C7A5-42B9-8177-04116F4A61C0}.Debug|Any CPU.ActiveCfg = Debug|Any CPU
		{A83C9687-C7A5-42B9-8177-04116F4A61C0}.Debug|Any CPU.Build.0 = Debug|Any CPU
		{A83C9687-C7A5-42B9-8177-04116F4A61C0}.Release|Any CPU.ActiveCfg = Release|Any CPU
		{A83C9687-C7A5-42B9-8177-04116F4A61C0}.Release|Any CPU.Build.0 = Release|Any CPU
		{B1DCE5F1-78F6-4D2E-91B1-3302AEA898AF}.Debug|Any CPU.ActiveCfg = Debug|Any CPU
		{B1DCE5F1-78F6-4D2E-91B1-3302AEA898AF}.Debug|Any CPU.Build.0 = Debug|Any CPU
		{B1DCE5F1-78F6-4D2E-91B1-3302AEA898AF}.Release|Any CPU.ActiveCfg = Release|Any CPU
		{B1DCE5F1-78F6-4D2E-91B1-3302AEA898AF}.Release|Any CPU.Build.0 = Release|Any CPU
		{942C1212-96F6-4D42-9509-2AB6819423EB}.Debug|Any CPU.ActiveCfg = Debug|Any CPU
		{942C1212-96F6-4D42-9509-2AB6819423EB}.Debug|Any CPU.Build.0 = Debug|Any CPU
		{942C1212-96F6-4D42-9509-2AB6819423EB}.Release|Any CPU.ActiveCfg = Release|Any CPU
		{942C1212-96F6-4D42-9509-2AB6819423EB}.Release|Any CPU.Build.0 = Release|Any CPU
		{2B792588-B07D-4A6F-9828-5EF4D14FDD59}.Debug|Any CPU.ActiveCfg = Debug|Any CPU
		{2B792588-B07D-4A6F-9828-5EF4D14FDD59}.Debug|Any CPU.Build.0 = Debug|Any CPU
		{2B792588-B07D-4A6F-9828-5EF4D14FDD59}.Release|Any CPU.ActiveCfg = Release|Any CPU
		{2B792588-B07D-4A6F-9828-5EF4D14FDD59}.Release|Any CPU.Build.0 = Release|Any CPU
		{F1483A75-B458-4B70-954D-15E57AAD1C12}.Debug|Any CPU.ActiveCfg = Debug|Any CPU
		{F1483A75-B458-4B70-954D-15E57AAD1C12}.Debug|Any CPU.Build.0 = Debug|Any CPU
		{F1483A75-B458-4B70-954D-15E57AAD1C12}.Release|Any CPU.ActiveCfg = Release|Any CPU
		{F1483A75-B458-4B70-954D-15E57AAD1C12}.Release|Any CPU.Build.0 = Release|Any CPU
	EndGlobalSection
	GlobalSection(SolutionProperties) = preSolution
		HideSolutionNode = FALSE
	EndGlobalSection
	GlobalSection(NestedProjects) = preSolution
		{FEE32482-CE56-4A71-90FD-DA21161B423A} = {5ECE8E71-FB77-4431-8823-147BAEA76008}
		{A83C9687-C7A5-42B9-8177-04116F4A61C0} = {A0117887-A6F8-4013-86FE-83DD6F6611E5}
		{B1DCE5F1-78F6-4D2E-91B1-3302AEA898AF} = {A0117887-A6F8-4013-86FE-83DD6F6611E5}
		{942C1212-96F6-4D42-9509-2AB6819423EB} = {A0117887-A6F8-4013-86FE-83DD6F6611E5}
		{2B792588-B07D-4A6F-9828-5EF4D14FDD59} = {1C8D3F27-9C85-4D35-BC25-AA8C2AE0FF05}
		{F1483A75-B458-4B70-954D-15E57AAD1C12} = {CAC00684-EDD7-48AB-B27C-FE9EBFEAACC3}
	EndGlobalSection
	GlobalSection(ExtensibilityGlobals) = postSolution
		SolutionGuid = {1DEF5641-A86D-4E28-AFA0-A1047EC580B5}
	EndGlobalSection
EndGlobal
